
Microsoft Visual Studio Solution File, Format Version 12.00
# Visual Studio Version 17
VisualStudioVersion = 17.4.33213.308
MinimumVisualStudioVersion = 10.0.40219.1
Project("{FAE04EC0-301F-11D3-BF4B-00C04F79EFBC}") = "Producer.API", "Producer.API\Producer.API.csproj", "{8A7EA81D-9835-4841-BCC0-4717953F86EE}"
EndProject
Project("{FAE04EC0-301F-11D3-BF4B-00C04F79EFBC}") = "Consumer.API", "Consumer.API\Consumer.API.csproj", "{A987DAEA-69F2-4F9A-9169-D7E3D3DE8E15}"
EndProject
Project("{FAE04EC0-301F-11D3-BF4B-00C04F79EFBC}") = "Messages", "Messages\Messages.csproj", "{0B03331A-57E6-474A-8896-BA257F0A7E3F}"
EndProject
Global
	GlobalSection(SolutionConfigurationPlatforms) = preSolution
		Debug|Any CPU = Debug|Any CPU
		Release|Any CPU = Release|Any CPU
	EndGlobalSection
	GlobalSection(ProjectConfigurationPlatforms) = postSolution
		{8A7EA81D-9835-4841-BCC0-4717953F86EE}.Debug|Any CPU.ActiveCfg = Debug|Any CPU
		{8A7EA81D-9835-4841-BCC0-4717953F86EE}.Debug|Any CPU.Build.0 = Debug|Any CPU
		{8A7EA81D-9835-4841-BCC0-4717953F86EE}.Release|Any CPU.ActiveCfg = Release|Any CPU
		{8A7EA81D-9835-4841-BCC0-4717953F86EE}.Release|Any CPU.Build.0 = Release|Any CPU
		{A987DAEA-69F2-4F9A-9169-D7E3D3DE8E15}.Debug|Any CPU.ActiveCfg = Debug|Any CPU
		{A987DAEA-69F2-4F9A-9169-D7E3D3DE8E15}.Debug|Any CPU.Build.0 = Debug|Any CPU
		{A987DAEA-69F2-4F9A-9169-D7E3D3DE8E15}.Release|Any CPU.ActiveCfg = Release|Any CPU
		{A987DAEA-69F2-4F9A-9169-D7E3D3DE8E15}.Release|Any CPU.Build.0 = Release|Any CPU
		{0B03331A-57E6-474A-8896-BA257F0A7E3F}.Debug|Any CPU.ActiveCfg = Debug|Any CPU
		{0B03331A-57E6-474A-8896-BA257F0A7E3F}.Debug|Any CPU.Build.0 = Debug|Any CPU
		{0B03331A-57E6-474A-8896-BA257F0A7E3F}.Release|Any CPU.ActiveCfg = Release|Any CPU
		{0B03331A-57E6-474A-8896-BA257F0A7E3F}.Release|Any CPU.Build.0 = Release|Any CPU
	EndGlobalSection
	GlobalSection(SolutionProperties) = preSolution
		HideSolutionNode = FALSE
	EndGlobalSection
	GlobalSection(ExtensibilityGlobals) = postSolution
		SolutionGuid = {363A557D-C89F-461F-86FD-EFC3E2CE82F7}
	EndGlobalSection
EndGlobal
